// !$*UTF8*$!
{
	archiveVersion = 1;
	classes = {
	};
	objectVersion = 55;
	objects = {

/* Begin PBXBuildFile section */
		EB1C811727B1783600147E1B /* ToastPresenting in Resources */ = {isa = PBXBuildFile; fileRef = EB1C811627B1783500147E1B /* ToastPresenting */; };
		EB1C811927B1783E00147E1B /* ToastPresenting in Frameworks */ = {isa = PBXBuildFile; productRef = EB1C811827B1783E00147E1B /* ToastPresenting */; };
		EB4AB07427AE149C003EFFBD /* TabBarFeaturesCoordinator.swift in Sources */ = {isa = PBXBuildFile; fileRef = EB4AB07327AE149C003EFFBD /* TabBarFeaturesCoordinator.swift */; };
		EB4AB07827AE18D1003EFFBD /* BoxSettings in Frameworks */ = {isa = PBXBuildFile; productRef = EB4AB07727AE18D1003EFFBD /* BoxSettings */; };
		EB4AB07A27AE18D1003EFFBD /* Inbox in Frameworks */ = {isa = PBXBuildFile; productRef = EB4AB07927AE18D1003EFFBD /* Inbox */; };
		EB4AB07C27AE18DF003EFFBD /* Discover in Frameworks */ = {isa = PBXBuildFile; productRef = EB4AB07B27AE18DF003EFFBD /* Discover */; };
		EB4AB07E27AE18DF003EFFBD /* Home in Frameworks */ = {isa = PBXBuildFile; productRef = EB4AB07D27AE18DF003EFFBD /* Home */; };
		EB4AB08027AE18DF003EFFBD /* MyMenu in Frameworks */ = {isa = PBXBuildFile; productRef = EB4AB07F27AE18DF003EFFBD /* MyMenu */; };
		EB4AB08227AE18DF003EFFBD /* News in Frameworks */ = {isa = PBXBuildFile; productRef = EB4AB08127AE18DF003EFFBD /* News */; };
		EB4AB08427AE18DF003EFFBD /* Settings in Frameworks */ = {isa = PBXBuildFile; productRef = EB4AB08327AE18DF003EFFBD /* Settings */; };
		EB4AB08627AE18DF003EFFBD /* Share in Frameworks */ = {isa = PBXBuildFile; productRef = EB4AB08527AE18DF003EFFBD /* Share */; };
		EB4AB08927AE1D3B003EFFBD /* Recipe in Frameworks */ = {isa = PBXBuildFile; productRef = EB4AB08827AE1D3B003EFFBD /* Recipe */; };
		EB5B0C7927B13BA9004113AA /* Shared in Resources */ = {isa = PBXBuildFile; fileRef = EB5B0C7827B13BA9004113AA /* Shared */; };
		EB5B0C7B27B13BF9004113AA /* AlertPresentable in Resources */ = {isa = PBXBuildFile; fileRef = EB5B0C7A27B13BF9004113AA /* AlertPresentable */; };
		EB5B0C7D27B13C8A004113AA /* Shared in Frameworks */ = {isa = PBXBuildFile; productRef = EB5B0C7C27B13C8A004113AA /* Shared */; };
		EB5B0C7F27B13C93004113AA /* AlertPresentable in Frameworks */ = {isa = PBXBuildFile; productRef = EB5B0C7E27B13C93004113AA /* AlertPresentable */; };
		EB759E5427AEAC4A00077539 /* TabBarFeaturesCoordinator+BoxSettingsCoordinatorDelegate.swift in Sources */ = {isa = PBXBuildFile; fileRef = EB759E5327AEAC4900077539 /* TabBarFeaturesCoordinator+BoxSettingsCoordinatorDelegate.swift */; };
		EB759E5627AEAD1600077539 /* TabBarFeaturesCoordinator+HomeCoordinatorDelegate.swift in Sources */ = {isa = PBXBuildFile; fileRef = EB759E5527AEAD1600077539 /* TabBarFeaturesCoordinator+HomeCoordinatorDelegate.swift */; };
		EB759E5827AEAE6A00077539 /* TabBarFeaturesCoordinator+MyMenuCoordinatorDelegate.swift in Sources */ = {isa = PBXBuildFile; fileRef = EB759E5727AEAE6A00077539 /* TabBarFeaturesCoordinator+MyMenuCoordinatorDelegate.swift */; };
		EB759E5A27AEAF4B00077539 /* TabBarFeaturesCoordinator+SettingsCoordinatorDelegate.swift in Sources */ = {isa = PBXBuildFile; fileRef = EB759E5927AEAF4B00077539 /* TabBarFeaturesCoordinator+SettingsCoordinatorDelegate.swift */; };
		EB759E5C27AEAFDB00077539 /* TabBarFeaturesCoordinator+RecipeCoordinatorDelegate.swift in Sources */ = {isa = PBXBuildFile; fileRef = EB759E5B27AEAFDB00077539 /* TabBarFeaturesCoordinator+RecipeCoordinatorDelegate.swift */; };
		EB759E5E27AEB1F100077539 /* TabBarFeaturesCoordinator+InboxCoordinatorDelegate.swift in Sources */ = {isa = PBXBuildFile; fileRef = EB759E5D27AEB1F100077539 /* TabBarFeaturesCoordinator+InboxCoordinatorDelegate.swift */; };
		EB759E6027AEB2B300077539 /* TabBarFeaturesCoordinator+ShareCoordinatorDelegate.swift in Sources */ = {isa = PBXBuildFile; fileRef = EB759E5F27AEB2B300077539 /* TabBarFeaturesCoordinator+ShareCoordinatorDelegate.swift */; };
		EB759E6227AEB32D00077539 /* TabBarFeaturesCoordinator+DiscoverCoordinatorDelegate.swift in Sources */ = {isa = PBXBuildFile; fileRef = EB759E6127AEB32D00077539 /* TabBarFeaturesCoordinator+DiscoverCoordinatorDelegate.swift */; };
		EB759E6427AEB3B700077539 /* TabBarFeaturesCoordinator+NewsCoordinatorDelegate.swift in Sources */ = {isa = PBXBuildFile; fileRef = EB759E6327AEB3B700077539 /* TabBarFeaturesCoordinator+NewsCoordinatorDelegate.swift */; };
		EB9996FA27B0ECFF0040B635 /* AppSceneDelegate+AppCoordinatorDelegate.swift in Sources */ = {isa = PBXBuildFile; fileRef = EB9996F927B0ECFF0040B635 /* AppSceneDelegate+AppCoordinatorDelegate.swift */; };
		EBC8277C27AEC78B00B61C22 /* AppCoordinator+AuthenticationCoordinatorDelegate.swift in Sources */ = {isa = PBXBuildFile; fileRef = EBC8277B27AEC78B00B61C22 /* AppCoordinator+AuthenticationCoordinatorDelegate.swift */; };
		EBC8277E27AEC7E900B61C22 /* AppCoordinator+TabBarFeaturesCoordinatorDelegate.swift in Sources */ = {isa = PBXBuildFile; fileRef = EBC8277D27AEC7E900B61C22 /* AppCoordinator+TabBarFeaturesCoordinatorDelegate.swift */; };
		EBDA81E727B10FA200E936A2 /* TabBarFeature.swift in Sources */ = {isa = PBXBuildFile; fileRef = EBDA81E627B10FA200E936A2 /* TabBarFeature.swift */; };
		EBDA81E927B10FAB00E936A2 /* TabFeatureProviding.swift in Sources */ = {isa = PBXBuildFile; fileRef = EBDA81E827B10FAB00E936A2 /* TabFeatureProviding.swift */; };
		EBFEA75627AD7A1500E9AB2F /* AppDelegate.swift in Sources */ = {isa = PBXBuildFile; fileRef = EBFEA75527AD7A1500E9AB2F /* AppDelegate.swift */; };
		EBFEA75827AD7A1500E9AB2F /* AppSceneDelegate.swift in Sources */ = {isa = PBXBuildFile; fileRef = EBFEA75727AD7A1500E9AB2F /* AppSceneDelegate.swift */; };
		EBFEA75F27AD7A1600E9AB2F /* AppIcon.xcassets in Resources */ = {isa = PBXBuildFile; fileRef = EBFEA75E27AD7A1600E9AB2F /* AppIcon.xcassets */; };
		EBFEA76227AD7A1600E9AB2F /* LaunchScreen.storyboard in Resources */ = {isa = PBXBuildFile; fileRef = EBFEA76027AD7A1600E9AB2F /* LaunchScreen.storyboard */; };
		EBFEA76E27AD820500E9AB2F /* AppCoordinator.swift in Sources */ = {isa = PBXBuildFile; fileRef = EBFEA76D27AD820500E9AB2F /* AppCoordinator.swift */; };
		EBFEA78427ADB2A700E9AB2F /* Home in Resources */ = {isa = PBXBuildFile; fileRef = EBFEA78327ADB2A700E9AB2F /* Home */; };
		EBFEA78C27ADB76500E9AB2F /* Authentication in Frameworks */ = {isa = PBXBuildFile; productRef = EBFEA78B27ADB76500E9AB2F /* Authentication */; };
/* End PBXBuildFile section */

/* Begin PBXFileReference section */
		EB1C811627B1783500147E1B /* ToastPresenting */ = {isa = PBXFileReference; lastKnownFileType = wrapper; path = ToastPresenting; sourceTree = "<group>"; };
		EB25DD5027B6CD6800581319 /* Coordinator */ = {isa = PBXFileReference; lastKnownFileType = wrapper; name = Coordinator; path = ../../Coordinator; sourceTree = "<group>"; };
		EB4AB07327AE149C003EFFBD /* TabBarFeaturesCoordinator.swift */ = {isa = PBXFileReference; fileEncoding = 4; lastKnownFileType = sourcecode.swift; path = TabBarFeaturesCoordinator.swift; sourceTree = "<group>"; };
		EB4AB08727AE1CF9003EFFBD /* Recipe */ = {isa = PBXFileReference; lastKnownFileType = wrapper; path = Recipe; sourceTree = "<group>"; };
		EB5B0C7827B13BA9004113AA /* Shared */ = {isa = PBXFileReference; lastKnownFileType = wrapper; path = Shared; sourceTree = "<group>"; };
		EB5B0C7A27B13BF9004113AA /* AlertPresentable */ = {isa = PBXFileReference; lastKnownFileType = wrapper; path = AlertPresentable; sourceTree = "<group>"; };
		EB61E37B27ADC3450040C65A /* News */ = {isa = PBXFileReference; lastKnownFileType = wrapper; path = News; sourceTree = "<group>"; };
		EB759E5327AEAC4900077539 /* TabBarFeaturesCoordinator+BoxSettingsCoordinatorDelegate.swift */ = {isa = PBXFileReference; lastKnownFileType = sourcecode.swift; path = "TabBarFeaturesCoordinator+BoxSettingsCoordinatorDelegate.swift"; sourceTree = "<group>"; };
		EB759E5527AEAD1600077539 /* TabBarFeaturesCoordinator+HomeCoordinatorDelegate.swift */ = {isa = PBXFileReference; lastKnownFileType = sourcecode.swift; path = "TabBarFeaturesCoordinator+HomeCoordinatorDelegate.swift"; sourceTree = "<group>"; };
		EB759E5727AEAE6A00077539 /* TabBarFeaturesCoordinator+MyMenuCoordinatorDelegate.swift */ = {isa = PBXFileReference; lastKnownFileType = sourcecode.swift; path = "TabBarFeaturesCoordinator+MyMenuCoordinatorDelegate.swift"; sourceTree = "<group>"; };
		EB759E5927AEAF4B00077539 /* TabBarFeaturesCoordinator+SettingsCoordinatorDelegate.swift */ = {isa = PBXFileReference; lastKnownFileType = sourcecode.swift; path = "TabBarFeaturesCoordinator+SettingsCoordinatorDelegate.swift"; sourceTree = "<group>"; };
		EB759E5B27AEAFDB00077539 /* TabBarFeaturesCoordinator+RecipeCoordinatorDelegate.swift */ = {isa = PBXFileReference; lastKnownFileType = sourcecode.swift; path = "TabBarFeaturesCoordinator+RecipeCoordinatorDelegate.swift"; sourceTree = "<group>"; };
		EB759E5D27AEB1F100077539 /* TabBarFeaturesCoordinator+InboxCoordinatorDelegate.swift */ = {isa = PBXFileReference; lastKnownFileType = sourcecode.swift; path = "TabBarFeaturesCoordinator+InboxCoordinatorDelegate.swift"; sourceTree = "<group>"; };
		EB759E5F27AEB2B300077539 /* TabBarFeaturesCoordinator+ShareCoordinatorDelegate.swift */ = {isa = PBXFileReference; lastKnownFileType = sourcecode.swift; path = "TabBarFeaturesCoordinator+ShareCoordinatorDelegate.swift"; sourceTree = "<group>"; };
		EB759E6127AEB32D00077539 /* TabBarFeaturesCoordinator+DiscoverCoordinatorDelegate.swift */ = {isa = PBXFileReference; lastKnownFileType = sourcecode.swift; path = "TabBarFeaturesCoordinator+DiscoverCoordinatorDelegate.swift"; sourceTree = "<group>"; };
		EB759E6327AEB3B700077539 /* TabBarFeaturesCoordinator+NewsCoordinatorDelegate.swift */ = {isa = PBXFileReference; lastKnownFileType = sourcecode.swift; path = "TabBarFeaturesCoordinator+NewsCoordinatorDelegate.swift"; sourceTree = "<group>"; };
		EB9996F927B0ECFF0040B635 /* AppSceneDelegate+AppCoordinatorDelegate.swift */ = {isa = PBXFileReference; lastKnownFileType = sourcecode.swift; path = "AppSceneDelegate+AppCoordinatorDelegate.swift"; sourceTree = "<group>"; };
		EBC8277B27AEC78B00B61C22 /* AppCoordinator+AuthenticationCoordinatorDelegate.swift */ = {isa = PBXFileReference; lastKnownFileType = sourcecode.swift; path = "AppCoordinator+AuthenticationCoordinatorDelegate.swift"; sourceTree = "<group>"; };
		EBC8277D27AEC7E900B61C22 /* AppCoordinator+TabBarFeaturesCoordinatorDelegate.swift */ = {isa = PBXFileReference; lastKnownFileType = sourcecode.swift; path = "AppCoordinator+TabBarFeaturesCoordinatorDelegate.swift"; sourceTree = "<group>"; };
		EBCFF50F27ADBA77005B7AB7 /* MyMenu */ = {isa = PBXFileReference; lastKnownFileType = wrapper; path = MyMenu; sourceTree = "<group>"; };
		EBCFF51127ADBAD2005B7AB7 /* Inbox */ = {isa = PBXFileReference; lastKnownFileType = wrapper; path = Inbox; sourceTree = "<group>"; };
		EBCFF51227ADBB1D005B7AB7 /* Share */ = {isa = PBXFileReference; lastKnownFileType = wrapper; path = Share; sourceTree = "<group>"; };
		EBCFF51327ADBFE5005B7AB7 /* Discover */ = {isa = PBXFileReference; lastKnownFileType = wrapper; path = Discover; sourceTree = "<group>"; };
		EBCFF51527ADBFF2005B7AB7 /* BoxSettings */ = {isa = PBXFileReference; lastKnownFileType = wrapper; path = BoxSettings; sourceTree = "<group>"; };
		EBDA81E627B10FA200E936A2 /* TabBarFeature.swift */ = {isa = PBXFileReference; lastKnownFileType = sourcecode.swift; path = TabBarFeature.swift; sourceTree = "<group>"; };
		EBDA81E827B10FAB00E936A2 /* TabFeatureProviding.swift */ = {isa = PBXFileReference; lastKnownFileType = sourcecode.swift; path = TabFeatureProviding.swift; sourceTree = "<group>"; };
		EBFEA75227AD7A1500E9AB2F /* ModularizationExample.app */ = {isa = PBXFileReference; explicitFileType = wrapper.application; includeInIndex = 0; path = ModularizationExample.app; sourceTree = BUILT_PRODUCTS_DIR; };
		EBFEA75527AD7A1500E9AB2F /* AppDelegate.swift */ = {isa = PBXFileReference; lastKnownFileType = sourcecode.swift; path = AppDelegate.swift; sourceTree = "<group>"; };
		EBFEA75727AD7A1500E9AB2F /* AppSceneDelegate.swift */ = {isa = PBXFileReference; lastKnownFileType = sourcecode.swift; path = AppSceneDelegate.swift; sourceTree = "<group>"; };
		EBFEA75E27AD7A1600E9AB2F /* AppIcon.xcassets */ = {isa = PBXFileReference; lastKnownFileType = folder.assetcatalog; path = AppIcon.xcassets; sourceTree = "<group>"; };
		EBFEA76127AD7A1600E9AB2F /* Base */ = {isa = PBXFileReference; lastKnownFileType = file.storyboard; name = Base; path = Base.lproj/LaunchScreen.storyboard; sourceTree = "<group>"; };
		EBFEA76327AD7A1700E9AB2F /* Info.plist */ = {isa = PBXFileReference; lastKnownFileType = text.plist.xml; path = Info.plist; sourceTree = "<group>"; };
		EBFEA76D27AD820500E9AB2F /* AppCoordinator.swift */ = {isa = PBXFileReference; lastKnownFileType = sourcecode.swift; path = AppCoordinator.swift; sourceTree = "<group>"; };
		EBFEA78327ADB2A700E9AB2F /* Home */ = {isa = PBXFileReference; lastKnownFileType = wrapper; path = Home; sourceTree = "<group>"; };
		EBFEA78A27ADB62700E9AB2F /* Authentication */ = {isa = PBXFileReference; lastKnownFileType = wrapper; path = Authentication; sourceTree = "<group>"; };
		EBFEA79227ADB93900E9AB2F /* Settings */ = {isa = PBXFileReference; lastKnownFileType = wrapper; path = Settings; sourceTree = "<group>"; };
/* End PBXFileReference section */

/* Begin PBXFrameworksBuildPhase section */
		EBFEA74F27AD7A1500E9AB2F /* Frameworks */ = {
			isa = PBXFrameworksBuildPhase;
			buildActionMask = 2147483647;
			files = (
				EB4AB07827AE18D1003EFFBD /* BoxSettings in Frameworks */,
				EB4AB08927AE1D3B003EFFBD /* Recipe in Frameworks */,
				EB5B0C7F27B13C93004113AA /* AlertPresentable in Frameworks */,
				EB1C811927B1783E00147E1B /* ToastPresenting in Frameworks */,
				EB4AB08227AE18DF003EFFBD /* News in Frameworks */,
				EB4AB07C27AE18DF003EFFBD /* Discover in Frameworks */,
				EB4AB07A27AE18D1003EFFBD /* Inbox in Frameworks */,
				EB4AB08027AE18DF003EFFBD /* MyMenu in Frameworks */,
				EB4AB08627AE18DF003EFFBD /* Share in Frameworks */,
				EB4AB08427AE18DF003EFFBD /* Settings in Frameworks */,
				EBFEA78C27ADB76500E9AB2F /* Authentication in Frameworks */,
				EB5B0C7D27B13C8A004113AA /* Shared in Frameworks */,
				EB4AB07E27AE18DF003EFFBD /* Home in Frameworks */,
			);
			runOnlyForDeploymentPostprocessing = 0;
		};
/* End PBXFrameworksBuildPhase section */

/* Begin PBXGroup section */
		EB44728527B113E100985C79 /* Assets */ = {
			isa = PBXGroup;
			children = (
				EBFEA76327AD7A1700E9AB2F /* Info.plist */,
				EBFEA75E27AD7A1600E9AB2F /* AppIcon.xcassets */,
				EBFEA76027AD7A1600E9AB2F /* LaunchScreen.storyboard */,
			);
			path = Assets;
			sourceTree = "<group>";
		};
		EB4AB07527AE14A5003EFFBD /* App */ = {
			isa = PBXGroup;
			children = (
				EBFEA76D27AD820500E9AB2F /* AppCoordinator.swift */,
				EBC8277B27AEC78B00B61C22 /* AppCoordinator+AuthenticationCoordinatorDelegate.swift */,
				EBC8277D27AEC7E900B61C22 /* AppCoordinator+TabBarFeaturesCoordinatorDelegate.swift */,
				EBFEA75527AD7A1500E9AB2F /* AppDelegate.swift */,
				EBFEA75727AD7A1500E9AB2F /* AppSceneDelegate.swift */,
				EB9996F927B0ECFF0040B635 /* AppSceneDelegate+AppCoordinatorDelegate.swift */,
			);
			path = App;
			sourceTree = "<group>";
		};
		EB5B0C7027B13426004113AA /* Frameworks */ = {
			isa = PBXGroup;
			children = (
			);
			name = Frameworks;
			sourceTree = "<group>";
		};
		EB5B0C7727B13BA9004113AA /* Support */ = {
			isa = PBXGroup;
			children = (
				EB1C811627B1783500147E1B /* ToastPresenting */,
				EB5B0C7A27B13BF9004113AA /* AlertPresentable */,
				EB5B0C7827B13BA9004113AA /* Shared */,
			);
			path = Support;
			sourceTree = "<group>";
		};
		EB759E6527AEB3DE00077539 /* TabBarFeatures */ = {
			isa = PBXGroup;
			children = (
				EBDA81E627B10FA200E936A2 /* TabBarFeature.swift */,
				EB4AB07327AE149C003EFFBD /* TabBarFeaturesCoordinator.swift */,
				EB759E5327AEAC4900077539 /* TabBarFeaturesCoordinator+BoxSettingsCoordinatorDelegate.swift */,
				EB759E6127AEB32D00077539 /* TabBarFeaturesCoordinator+DiscoverCoordinatorDelegate.swift */,
				EB759E5527AEAD1600077539 /* TabBarFeaturesCoordinator+HomeCoordinatorDelegate.swift */,
				EB759E5D27AEB1F100077539 /* TabBarFeaturesCoordinator+InboxCoordinatorDelegate.swift */,
				EB759E5727AEAE6A00077539 /* TabBarFeaturesCoordinator+MyMenuCoordinatorDelegate.swift */,
				EB759E6327AEB3B700077539 /* TabBarFeaturesCoordinator+NewsCoordinatorDelegate.swift */,
				EB759E5B27AEAFDB00077539 /* TabBarFeaturesCoordinator+RecipeCoordinatorDelegate.swift */,
				EB759E5927AEAF4B00077539 /* TabBarFeaturesCoordinator+SettingsCoordinatorDelegate.swift */,
				EB759E5F27AEB2B300077539 /* TabBarFeaturesCoordinator+ShareCoordinatorDelegate.swift */,
				EBDA81E827B10FAB00E936A2 /* TabFeatureProviding.swift */,
			);
			path = TabBarFeatures;
			sourceTree = "<group>";
		};
		EB759E6627AEB41100077539 /* Packages */ = {
			isa = PBXGroup;
			children = (
				EB5B0C7727B13BA9004113AA /* Support */,
				EBFEA78227ADB2A700E9AB2F /* Features */,
			);
			name = Packages;
			sourceTree = "<group>";
		};
		EBFB8C7227AF303000E20C85 /* Main */ = {
			isa = PBXGroup;
			children = (
				EB44728527B113E100985C79 /* Assets */,
				EB4AB07527AE14A5003EFFBD /* App */,
				EB759E6527AEB3DE00077539 /* TabBarFeatures */,
			);
			path = Main;
			sourceTree = "<group>";
		};
		EBFEA74927AD7A1500E9AB2F = {
			isa = PBXGroup;
			children = (
				EB25DD5027B6CD6800581319 /* Coordinator */,
				EBFEA75427AD7A1500E9AB2F /* ModularizationExample */,
				EB759E6627AEB41100077539 /* Packages */,
				EBFEA75327AD7A1500E9AB2F /* Products */,
				EB5B0C7027B13426004113AA /* Frameworks */,
			);
			sourceTree = "<group>";
		};
		EBFEA75327AD7A1500E9AB2F /* Products */ = {
			isa = PBXGroup;
			children = (
				EBFEA75227AD7A1500E9AB2F /* ModularizationExample.app */,
			);
			name = Products;
			sourceTree = "<group>";
		};
		EBFEA75427AD7A1500E9AB2F /* ModularizationExample */ = {
			isa = PBXGroup;
			children = (
				EBFB8C7227AF303000E20C85 /* Main */,
			);
			path = ModularizationExample;
			sourceTree = "<group>";
		};
		EBFEA78227ADB2A700E9AB2F /* Features */ = {
			isa = PBXGroup;
			children = (
				EBFEA78A27ADB62700E9AB2F /* Authentication */,
				EBCFF51527ADBFF2005B7AB7 /* BoxSettings */,
				EBCFF51327ADBFE5005B7AB7 /* Discover */,
				EBFEA78327ADB2A700E9AB2F /* Home */,
				EBCFF51127ADBAD2005B7AB7 /* Inbox */,
				EBCFF50F27ADBA77005B7AB7 /* MyMenu */,
				EB61E37B27ADC3450040C65A /* News */,
				EB4AB08727AE1CF9003EFFBD /* Recipe */,
				EBFEA79227ADB93900E9AB2F /* Settings */,
				EBCFF51227ADBB1D005B7AB7 /* Share */,
			);
			path = Features;
			sourceTree = "<group>";
		};
/* End PBXGroup section */

/* Begin PBXNativeTarget section */
		EBFEA75127AD7A1500E9AB2F /* ModularizationExample */ = {
			isa = PBXNativeTarget;
			buildConfigurationList = EBFEA76627AD7A1700E9AB2F /* Build configuration list for PBXNativeTarget "ModularizationExample" */;
			buildPhases = (
				EBAB8D8627B06F8A00C66277 /* SwiftFormat */,
				EBFEA74E27AD7A1500E9AB2F /* Sources */,
				EBFEA74F27AD7A1500E9AB2F /* Frameworks */,
				EBFEA75027AD7A1500E9AB2F /* Resources */,
			);
			buildRules = (
			);
			dependencies = (
			);
			name = ModularizationExample;
			packageProductDependencies = (
				EBFEA78B27ADB76500E9AB2F /* Authentication */,
				EB4AB07727AE18D1003EFFBD /* BoxSettings */,
				EB4AB07927AE18D1003EFFBD /* Inbox */,
				EB4AB07B27AE18DF003EFFBD /* Discover */,
				EB4AB07D27AE18DF003EFFBD /* Home */,
				EB4AB07F27AE18DF003EFFBD /* MyMenu */,
				EB4AB08127AE18DF003EFFBD /* News */,
				EB4AB08327AE18DF003EFFBD /* Settings */,
				EB4AB08527AE18DF003EFFBD /* Share */,
				EB4AB08827AE1D3B003EFFBD /* Recipe */,
				EB5B0C7C27B13C8A004113AA /* Shared */,
				EB5B0C7E27B13C93004113AA /* AlertPresentable */,
				EB1C811827B1783E00147E1B /* ToastPresenting */,
			);
			productName = ModularizationExample;
			productReference = EBFEA75227AD7A1500E9AB2F /* ModularizationExample.app */;
			productType = "com.apple.product-type.application";
		};
/* End PBXNativeTarget section */

/* Begin PBXProject section */
		EBFEA74A27AD7A1500E9AB2F /* Project object */ = {
			isa = PBXProject;
			attributes = {
				BuildIndependentTargetsInParallel = 1;
				LastSwiftUpdateCheck = 1320;
				LastUpgradeCheck = 1320;
				TargetAttributes = {
					EBFEA75127AD7A1500E9AB2F = {
						CreatedOnToolsVersion = 13.2.1;
					};
				};
			};
			buildConfigurationList = EBFEA74D27AD7A1500E9AB2F /* Build configuration list for PBXProject "ModularizationExample" */;
			compatibilityVersion = "Xcode 13.0";
			developmentRegion = en;
			hasScannedForEncodings = 0;
			knownRegions = (
				en,
				Base,
			);
			mainGroup = EBFEA74927AD7A1500E9AB2F;
			packageReferences = (
			);
			productRefGroup = EBFEA75327AD7A1500E9AB2F /* Products */;
			projectDirPath = "";
			projectRoot = "";
			targets = (
				EBFEA75127AD7A1500E9AB2F /* ModularizationExample */,
			);
		};
/* End PBXProject section */

/* Begin PBXResourcesBuildPhase section */
		EBFEA75027AD7A1500E9AB2F /* Resources */ = {
			isa = PBXResourcesBuildPhase;
			buildActionMask = 2147483647;
			files = (
				EBFEA76227AD7A1600E9AB2F /* LaunchScreen.storyboard in Resources */,
				EB1C811727B1783600147E1B /* ToastPresenting in Resources */,
				EB5B0C7927B13BA9004113AA /* Shared in Resources */,
				EBFEA75F27AD7A1600E9AB2F /* AppIcon.xcassets in Resources */,
				EBFEA78427ADB2A700E9AB2F /* Home in Resources */,
				EB5B0C7B27B13BF9004113AA /* AlertPresentable in Resources */,
			);
			runOnlyForDeploymentPostprocessing = 0;
		};
/* End PBXResourcesBuildPhase section */

/* Begin PBXShellScriptBuildPhase section */
		EBAB8D8627B06F8A00C66277 /* SwiftFormat */ = {
			isa = PBXShellScriptBuildPhase;
			buildActionMask = 2147483647;
			files = (
			);
			inputFileListPaths = (
			);
			inputPaths = (
			);
			name = SwiftFormat;
			outputFileListPaths = (
			);
			outputPaths = (
			);
			runOnlyForDeploymentPostprocessing = 0;
			shellPath = /bin/sh;
			shellScript = "cd ../BuildTools\nSDKROOT=(xcrun --sdk macosx --show-sdk-path)\n#swift package update #Uncomment this line temporarily to update the version used to the latest matching your BuildTools/Package.swift file\nswift run -c release swiftformat \"$SRCROOT\" --swiftversion 5.5\n";
		};
/* End PBXShellScriptBuildPhase section */

/* Begin PBXSourcesBuildPhase section */
		EBFEA74E27AD7A1500E9AB2F /* Sources */ = {
			isa = PBXSourcesBuildPhase;
			buildActionMask = 2147483647;
			files = (
				EBDA81E727B10FA200E936A2 /* TabBarFeature.swift in Sources */,
				EBFEA76E27AD820500E9AB2F /* AppCoordinator.swift in Sources */,
				EB759E5A27AEAF4B00077539 /* TabBarFeaturesCoordinator+SettingsCoordinatorDelegate.swift in Sources */,
				EB759E5427AEAC4A00077539 /* TabBarFeaturesCoordinator+BoxSettingsCoordinatorDelegate.swift in Sources */,
				EB759E5C27AEAFDB00077539 /* TabBarFeaturesCoordinator+RecipeCoordinatorDelegate.swift in Sources */,
				EB759E5827AEAE6A00077539 /* TabBarFeaturesCoordinator+MyMenuCoordinatorDelegate.swift in Sources */,
				EB9996FA27B0ECFF0040B635 /* AppSceneDelegate+AppCoordinatorDelegate.swift in Sources */,
				EBFEA75627AD7A1500E9AB2F /* AppDelegate.swift in Sources */,
				EB759E5E27AEB1F100077539 /* TabBarFeaturesCoordinator+InboxCoordinatorDelegate.swift in Sources */,
				EBDA81E927B10FAB00E936A2 /* TabFeatureProviding.swift in Sources */,
				EB759E5627AEAD1600077539 /* TabBarFeaturesCoordinator+HomeCoordinatorDelegate.swift in Sources */,
				EB759E6227AEB32D00077539 /* TabBarFeaturesCoordinator+DiscoverCoordinatorDelegate.swift in Sources */,
				EB4AB07427AE149C003EFFBD /* TabBarFeaturesCoordinator.swift in Sources */,
				EBC8277C27AEC78B00B61C22 /* AppCoordinator+AuthenticationCoordinatorDelegate.swift in Sources */,
				EBFEA75827AD7A1500E9AB2F /* AppSceneDelegate.swift in Sources */,
				EB759E6427AEB3B700077539 /* TabBarFeaturesCoordinator+NewsCoordinatorDelegate.swift in Sources */,
				EBC8277E27AEC7E900B61C22 /* AppCoordinator+TabBarFeaturesCoordinatorDelegate.swift in Sources */,
				EB759E6027AEB2B300077539 /* TabBarFeaturesCoordinator+ShareCoordinatorDelegate.swift in Sources */,
			);
			runOnlyForDeploymentPostprocessing = 0;
		};
/* End PBXSourcesBuildPhase section */

/* Begin PBXVariantGroup section */
		EBFEA76027AD7A1600E9AB2F /* LaunchScreen.storyboard */ = {
			isa = PBXVariantGroup;
			children = (
				EBFEA76127AD7A1600E9AB2F /* Base */,
			);
			name = LaunchScreen.storyboard;
			sourceTree = "<group>";
		};
/* End PBXVariantGroup section */

/* Begin XCBuildConfiguration section */
		EBFEA76427AD7A1700E9AB2F /* Debug */ = {
			isa = XCBuildConfiguration;
			buildSettings = {
				ALWAYS_SEARCH_USER_PATHS = NO;
				CLANG_ANALYZER_NONNULL = YES;
				CLANG_ANALYZER_NUMBER_OBJECT_CONVERSION = YES_AGGRESSIVE;
				CLANG_CXX_LANGUAGE_STANDARD = "gnu++17";
				CLANG_CXX_LIBRARY = "libc++";
				CLANG_ENABLE_MODULES = YES;
				CLANG_ENABLE_OBJC_ARC = YES;
				CLANG_ENABLE_OBJC_WEAK = YES;
				CLANG_WARN_BLOCK_CAPTURE_AUTORELEASING = YES;
				CLANG_WARN_BOOL_CONVERSION = YES;
				CLANG_WARN_COMMA = YES;
				CLANG_WARN_CONSTANT_CONVERSION = YES;
				CLANG_WARN_DEPRECATED_OBJC_IMPLEMENTATIONS = YES;
				CLANG_WARN_DIRECT_OBJC_ISA_USAGE = YES_ERROR;
				CLANG_WARN_DOCUMENTATION_COMMENTS = YES;
				CLANG_WARN_EMPTY_BODY = YES;
				CLANG_WARN_ENUM_CONVERSION = YES;
				CLANG_WARN_INFINITE_RECURSION = YES;
				CLANG_WARN_INT_CONVERSION = YES;
				CLANG_WARN_NON_LITERAL_NULL_CONVERSION = YES;
				CLANG_WARN_OBJC_IMPLICIT_RETAIN_SELF = YES;
				CLANG_WARN_OBJC_LITERAL_CONVERSION = YES;
				CLANG_WARN_OBJC_ROOT_CLASS = YES_ERROR;
				CLANG_WARN_QUOTED_INCLUDE_IN_FRAMEWORK_HEADER = YES;
				CLANG_WARN_RANGE_LOOP_ANALYSIS = YES;
				CLANG_WARN_STRICT_PROTOTYPES = YES;
				CLANG_WARN_SUSPICIOUS_MOVE = YES;
				CLANG_WARN_UNGUARDED_AVAILABILITY = YES_AGGRESSIVE;
				CLANG_WARN_UNREACHABLE_CODE = YES;
				CLANG_WARN__DUPLICATE_METHOD_MATCH = YES;
				COPY_PHASE_STRIP = NO;
				DEBUG_INFORMATION_FORMAT = dwarf;
				ENABLE_STRICT_OBJC_MSGSEND = YES;
				ENABLE_TESTABILITY = YES;
				GCC_C_LANGUAGE_STANDARD = gnu11;
				GCC_DYNAMIC_NO_PIC = NO;
				GCC_NO_COMMON_BLOCKS = YES;
				GCC_OPTIMIZATION_LEVEL = 0;
				GCC_PREPROCESSOR_DEFINITIONS = (
					"DEBUG=1",
					"$(inherited)",
				);
				GCC_WARN_64_TO_32_BIT_CONVERSION = YES;
				GCC_WARN_ABOUT_RETURN_TYPE = YES_ERROR;
				GCC_WARN_UNDECLARED_SELECTOR = YES;
				GCC_WARN_UNINITIALIZED_AUTOS = YES_AGGRESSIVE;
				GCC_WARN_UNUSED_FUNCTION = YES;
				GCC_WARN_UNUSED_VARIABLE = YES;
				IPHONEOS_DEPLOYMENT_TARGET = 15.2;
				MTL_ENABLE_DEBUG_INFO = INCLUDE_SOURCE;
				MTL_FAST_MATH = YES;
				ONLY_ACTIVE_ARCH = YES;
				SDKROOT = iphoneos;
				SWIFT_ACTIVE_COMPILATION_CONDITIONS = DEBUG;
				SWIFT_OPTIMIZATION_LEVEL = "-Onone";
			};
			name = Debug;
		};
		EBFEA76527AD7A1700E9AB2F /* Release */ = {
			isa = XCBuildConfiguration;
			buildSettings = {
				ALWAYS_SEARCH_USER_PATHS = NO;
				CLANG_ANALYZER_NONNULL = YES;
				CLANG_ANALYZER_NUMBER_OBJECT_CONVERSION = YES_AGGRESSIVE;
				CLANG_CXX_LANGUAGE_STANDARD = "gnu++17";
				CLANG_CXX_LIBRARY = "libc++";
				CLANG_ENABLE_MODULES = YES;
				CLANG_ENABLE_OBJC_ARC = YES;
				CLANG_ENABLE_OBJC_WEAK = YES;
				CLANG_WARN_BLOCK_CAPTURE_AUTORELEASING = YES;
				CLANG_WARN_BOOL_CONVERSION = YES;
				CLANG_WARN_COMMA = YES;
				CLANG_WARN_CONSTANT_CONVERSION = YES;
				CLANG_WARN_DEPRECATED_OBJC_IMPLEMENTATIONS = YES;
				CLANG_WARN_DIRECT_OBJC_ISA_USAGE = YES_ERROR;
				CLANG_WARN_DOCUMENTATION_COMMENTS = YES;
				CLANG_WARN_EMPTY_BODY = YES;
				CLANG_WARN_ENUM_CONVERSION = YES;
				CLANG_WARN_INFINITE_RECURSION = YES;
				CLANG_WARN_INT_CONVERSION = YES;
				CLANG_WARN_NON_LITERAL_NULL_CONVERSION = YES;
				CLANG_WARN_OBJC_IMPLICIT_RETAIN_SELF = YES;
				CLANG_WARN_OBJC_LITERAL_CONVERSION = YES;
				CLANG_WARN_OBJC_ROOT_CLASS = YES_ERROR;
				CLANG_WARN_QUOTED_INCLUDE_IN_FRAMEWORK_HEADER = YES;
				CLANG_WARN_RANGE_LOOP_ANALYSIS = YES;
				CLANG_WARN_STRICT_PROTOTYPES = YES;
				CLANG_WARN_SUSPICIOUS_MOVE = YES;
				CLANG_WARN_UNGUARDED_AVAILABILITY = YES_AGGRESSIVE;
				CLANG_WARN_UNREACHABLE_CODE = YES;
				CLANG_WARN__DUPLICATE_METHOD_MATCH = YES;
				COPY_PHASE_STRIP = NO;
				DEBUG_INFORMATION_FORMAT = "dwarf-with-dsym";
				ENABLE_NS_ASSERTIONS = NO;
				ENABLE_STRICT_OBJC_MSGSEND = YES;
				GCC_C_LANGUAGE_STANDARD = gnu11;
				GCC_NO_COMMON_BLOCKS = YES;
				GCC_WARN_64_TO_32_BIT_CONVERSION = YES;
				GCC_WARN_ABOUT_RETURN_TYPE = YES_ERROR;
				GCC_WARN_UNDECLARED_SELECTOR = YES;
				GCC_WARN_UNINITIALIZED_AUTOS = YES_AGGRESSIVE;
				GCC_WARN_UNUSED_FUNCTION = YES;
				GCC_WARN_UNUSED_VARIABLE = YES;
				IPHONEOS_DEPLOYMENT_TARGET = 15.2;
				MTL_ENABLE_DEBUG_INFO = NO;
				MTL_FAST_MATH = YES;
				SDKROOT = iphoneos;
				SWIFT_COMPILATION_MODE = wholemodule;
				SWIFT_OPTIMIZATION_LEVEL = "-O";
				VALIDATE_PRODUCT = YES;
			};
			name = Release;
		};
		EBFEA76727AD7A1700E9AB2F /* Debug */ = {
			isa = XCBuildConfiguration;
			buildSettings = {
				ASSETCATALOG_COMPILER_APPICON_NAME = AppIcon;
				CODE_SIGN_STYLE = Automatic;
				CURRENT_PROJECT_VERSION = 1;
				DEVELOPMENT_TEAM = 9U37VDVBP4;
				GENERATE_INFOPLIST_FILE = YES;
				INFOPLIST_FILE = ModularizationExample/Main/Assets/Info.plist;
				INFOPLIST_KEY_CFBundleDisplayName = Modularize;
				INFOPLIST_KEY_UIApplicationSupportsIndirectInputEvents = YES;
				INFOPLIST_KEY_UILaunchStoryboardName = LaunchScreen;
				INFOPLIST_KEY_UISupportedInterfaceOrientations_iPad = "UIInterfaceOrientationPortrait UIInterfaceOrientationPortraitUpsideDown UIInterfaceOrientationLandscapeLeft UIInterfaceOrientationLandscapeRight";
				INFOPLIST_KEY_UISupportedInterfaceOrientations_iPhone = "UIInterfaceOrientationPortrait UIInterfaceOrientationLandscapeLeft UIInterfaceOrientationLandscapeRight";
				LD_RUNPATH_SEARCH_PATHS = (
					"$(inherited)",
					"@executable_path/Frameworks",
				);
				MARKETING_VERSION = 1.0;
				PRODUCT_BUNDLE_IDENTIFIER = am.pedro.ModularizationExample;
				PRODUCT_NAME = "$(TARGET_NAME)";
				SWIFT_EMIT_LOC_STRINGS = YES;
				SWIFT_VERSION = 5.0;
				TARGETED_DEVICE_FAMILY = "1,2";
			};
			name = Debug;
		};
		EBFEA76827AD7A1700E9AB2F /* Release */ = {
			isa = XCBuildConfiguration;
			buildSettings = {
				ASSETCATALOG_COMPILER_APPICON_NAME = AppIcon;
				CODE_SIGN_STYLE = Automatic;
				CURRENT_PROJECT_VERSION = 1;
				DEVELOPMENT_TEAM = 9U37VDVBP4;
				GENERATE_INFOPLIST_FILE = YES;
				INFOPLIST_FILE = ModularizationExample/Main/Assets/Info.plist;
				INFOPLIST_KEY_CFBundleDisplayName = Modularize;
				INFOPLIST_KEY_UIApplicationSupportsIndirectInputEvents = YES;
				INFOPLIST_KEY_UILaunchStoryboardName = LaunchScreen;
				INFOPLIST_KEY_UISupportedInterfaceOrientations_iPad = "UIInterfaceOrientationPortrait UIInterfaceOrientationPortraitUpsideDown UIInterfaceOrientationLandscapeLeft UIInterfaceOrientationLandscapeRight";
				INFOPLIST_KEY_UISupportedInterfaceOrientations_iPhone = "UIInterfaceOrientationPortrait UIInterfaceOrientationLandscapeLeft UIInterfaceOrientationLandscapeRight";
				LD_RUNPATH_SEARCH_PATHS = (
					"$(inherited)",
					"@executable_path/Frameworks",
				);
				MARKETING_VERSION = 1.0;
				PRODUCT_BUNDLE_IDENTIFIER = am.pedro.ModularizationExample;
				PRODUCT_NAME = "$(TARGET_NAME)";
				SWIFT_EMIT_LOC_STRINGS = YES;
				SWIFT_VERSION = 5.0;
				TARGETED_DEVICE_FAMILY = "1,2";
			};
			name = Release;
		};
/* End XCBuildConfiguration section */

/* Begin XCConfigurationList section */
		EBFEA74D27AD7A1500E9AB2F /* Build configuration list for PBXProject "ModularizationExample" */ = {
			isa = XCConfigurationList;
			buildConfigurations = (
				EBFEA76427AD7A1700E9AB2F /* Debug */,
				EBFEA76527AD7A1700E9AB2F /* Release */,
			);
			defaultConfigurationIsVisible = 0;
			defaultConfigurationName = Release;
		};
		EBFEA76627AD7A1700E9AB2F /* Build configuration list for PBXNativeTarget "ModularizationExample" */ = {
			isa = XCConfigurationList;
			buildConfigurations = (
				EBFEA76727AD7A1700E9AB2F /* Debug */,
				EBFEA76827AD7A1700E9AB2F /* Release */,
			);
			defaultConfigurationIsVisible = 0;
			defaultConfigurationName = Release;
		};
/* End XCConfigurationList section */

/* Begin XCSwiftPackageProductDependency section */
		EB1C811827B1783E00147E1B /* ToastPresenting */ = {
			isa = XCSwiftPackageProductDependency;
			productName = ToastPresenting;
		};
		EB4AB07727AE18D1003EFFBD /* BoxSettings */ = {
			isa = XCSwiftPackageProductDependency;
			productName = BoxSettings;
		};
		EB4AB07927AE18D1003EFFBD /* Inbox */ = {
			isa = XCSwiftPackageProductDependency;
			productName = Inbox;
		};
		EB4AB07B27AE18DF003EFFBD /* Discover */ = {
			isa = XCSwiftPackageProductDependency;
			productName = Discover;
		};
		EB4AB07D27AE18DF003EFFBD /* Home */ = {
			isa = XCSwiftPackageProductDependency;
			productName = Home;
		};
		EB4AB07F27AE18DF003EFFBD /* MyMenu */ = {
			isa = XCSwiftPackageProductDependency;
			productName = MyMenu;
		};
		EB4AB08127AE18DF003EFFBD /* News */ = {
			isa = XCSwiftPackageProductDependency;
			productName = News;
		};
		EB4AB08327AE18DF003EFFBD /* Settings */ = {
			isa = XCSwiftPackageProductDependency;
			productName = Settings;
		};
		EB4AB08527AE18DF003EFFBD /* Share */ = {
			isa = XCSwiftPackageProductDependency;
			productName = Share;
		};
		EB4AB08827AE1D3B003EFFBD /* Recipe */ = {
			isa = XCSwiftPackageProductDependency;
			productName = Recipe;
		};
		EB5B0C7C27B13C8A004113AA /* Shared */ = {
			isa = XCSwiftPackageProductDependency;
			productName = Shared;
		};
		EB5B0C7E27B13C93004113AA /* AlertPresentable */ = {
			isa = XCSwiftPackageProductDependency;
			productName = AlertPresentable;
		};
		EBFEA78B27ADB76500E9AB2F /* Authentication */ = {
			isa = XCSwiftPackageProductDependency;
			productName = Authentication;
		};
/* End XCSwiftPackageProductDependency section */
	};
	rootObject = EBFEA74A27AD7A1500E9AB2F /* Project object */;
}
