{
  "object": {
    "pins": [
      {
        "package": "Coordinator",
        "repositoryURL": "https://github.com/ipedro/Coordinator",
        "state": {
          "branch": null,
          "revision": "14e73a7e528cb37bf34b6c92ed4c2eafca88be3b",
          "version": "1.0.1"
        }
      }
    ]
  },
  "version": 1
}
