{
  "object": {
    "pins": [
      {
        "package": "Coordinator",
        "repositoryURL": "https://github.com/ipedro/Coordinator",
        "state": {
          "branch": "main",
          "revision": "5f0c15e490f6c208d463c5eb0a548944412a4e73",
          "version": null
        }
      }
    ]
  },
  "version": 1
}
